
Microsoft Visual Studio Solution File, Format Version 12.00
# Visual Studio Version 16
VisualStudioVersion = 16.0.30717.126
MinimumVisualStudioVersion = 10.0.40219.1
Project("{9A19103F-16F7-4668-BE54-9A1E7A4F7556}") = "Settlement", "Settlement\Settlement.csproj", "{54D7D6A5-2E58-4E8D-B072-4DB783E0A0AE}"
EndProject
Global
	GlobalSection(SolutionConfigurationPlatforms) = preSolution
		Debug|Any CPU = Debug|Any CPU
		Release|Any CPU = Release|Any CPU
	EndGlobalSection
	GlobalSection(ProjectConfigurationPlatforms) = postSolution
		{54D7D6A5-2E58-4E8D-B072-4DB783E0A0AE}.Debug|Any CPU.ActiveCfg = Debug|Any CPU
		{54D7D6A5-2E58-4E8D-B072-4DB783E0A0AE}.Debug|Any CPU.Build.0 = Debug|Any CPU
		{54D7D6A5-2E58-4E8D-B072-4DB783E0A0AE}.Release|Any CPU.ActiveCfg = Release|Any CPU
		{54D7D6A5-2E58-4E8D-B072-4DB783E0A0AE}.Release|Any CPU.Build.0 = Release|Any CPU
	EndGlobalSection
	GlobalSection(SolutionProperties) = preSolution
		HideSolutionNode = FALSE
	EndGlobalSection
	GlobalSection(ExtensibilityGlobals) = postSolution
		SolutionGuid = {8923807A-D9B8-4917-8330-3141D01D13AF}
	EndGlobalSection
EndGlobal
